
Microsoft Visual Studio Solution File, Format Version 12.00
# Visual Studio Version 17
VisualStudioVersion = 17.0.31903.59
MinimumVisualStudioVersion = 10.0.40219.1
Project("{2150E333-8FDC-42A3-9474-1A3956D46DE8}") = "src", "src", "{827E0CD3-B72D-47B6-A68D-7590B98EB39B}"
EndProject
Project("{FAE04EC0-301F-11D3-BF4B-00C04F79EFBC}") = "ZxNext.Core", "src\ZxNext.Core\ZxNext.Core.csproj", "{573DAF4C-7570-436C-93D9-0FFE07830374}"
EndProject
Project("{FAE04EC0-301F-11D3-BF4B-00C04F79EFBC}") = "ZxNext.App", "src\ZxNext.App\ZxNext.App.csproj", "{BE3E3893-B2D6-4999-9A8D-B1ADE15FCDFA}"
EndProject
Project("{FAE04EC0-301F-11D3-BF4B-00C04F79EFBC}") = "ZxNext.Core.Tests", "tests\ZxNext.Core.Tests\ZxNext.Core.Tests.csproj", "{35EA4911-6F22-4D5F-8B15-987E35B72161}"
EndProject
Global
	GlobalSection(SolutionConfigurationPlatforms) = preSolution
		Debug|Any CPU = Debug|Any CPU
		Debug|x64 = Debug|x64
		Debug|x86 = Debug|x86
		Release|Any CPU = Release|Any CPU
		Release|x64 = Release|x64
		Release|x86 = Release|x86
	EndGlobalSection
	GlobalSection(ProjectConfigurationPlatforms) = postSolution
		{573DAF4C-7570-436C-93D9-0FFE07830374}.Debug|Any CPU.ActiveCfg = Debug|Any CPU
		{573DAF4C-7570-436C-93D9-0FFE07830374}.Debug|Any CPU.Build.0 = Debug|Any CPU
		{573DAF4C-7570-436C-93D9-0FFE07830374}.Debug|x64.ActiveCfg = Debug|Any CPU
		{573DAF4C-7570-436C-93D9-0FFE07830374}.Debug|x64.Build.0 = Debug|Any CPU
		{573DAF4C-7570-436C-93D9-0FFE07830374}.Debug|x86.ActiveCfg = Debug|Any CPU
		{573DAF4C-7570-436C-93D9-0FFE07830374}.Debug|x86.Build.0 = Debug|Any CPU
		{573DAF4C-7570-436C-93D9-0FFE07830374}.Release|Any CPU.ActiveCfg = Release|Any CPU
		{573DAF4C-7570-436C-93D9-0FFE07830374}.Release|Any CPU.Build.0 = Release|Any CPU
		{573DAF4C-7570-436C-93D9-0FFE07830374}.Release|x64.ActiveCfg = Release|Any CPU
		{573DAF4C-7570-436C-93D9-0FFE07830374}.Release|x64.Build.0 = Release|Any CPU
		{573DAF4C-7570-436C-93D9-0FFE07830374}.Release|x86.ActiveCfg = Release|Any CPU
		{573DAF4C-7570-436C-93D9-0FFE07830374}.Release|x86.Build.0 = Release|Any CPU
		{BE3E3893-B2D6-4999-9A8D-B1ADE15FCDFA}.Debug|Any CPU.ActiveCfg = Debug|Any CPU
		{BE3E3893-B2D6-4999-9A8D-B1ADE15FCDFA}.Debug|Any CPU.Build.0 = Debug|Any CPU
		{BE3E3893-B2D6-4999-9A8D-B1ADE15FCDFA}.Debug|x64.ActiveCfg = Debug|Any CPU
		{BE3E3893-B2D6-4999-9A8D-B1ADE15FCDFA}.Debug|x64.Build.0 = Debug|Any CPU
		{BE3E3893-B2D6-4999-9A8D-B1ADE15FCDFA}.Debug|x86.ActiveCfg = Debug|Any CPU
		{BE3E3893-B2D6-4999-9A8D-B1ADE15FCDFA}.Debug|x86.Build.0 = Debug|Any CPU
		{BE3E3893-B2D6-4999-9A8D-B1ADE15FCDFA}.Release|Any CPU.ActiveCfg = Release|Any CPU
		{BE3E3893-B2D6-4999-9A8D-B1ADE15FCDFA}.Release|Any CPU.Build.0 = Release|Any CPU
		{BE3E3893-B2D6-4999-9A8D-B1ADE15FCDFA}.Release|x64.ActiveCfg = Release|Any CPU
		{BE3E3893-B2D6-4999-9A8D-B1ADE15FCDFA}.Release|x64.Build.0 = Release|Any CPU
		{BE3E3893-B2D6-4999-9A8D-B1ADE15FCDFA}.Release|x86.ActiveCfg = Release|Any CPU
		{BE3E3893-B2D6-4999-9A8D-B1ADE15FCDFA}.Release|x86.Build.0 = Release|Any CPU
		{35EA4911-6F22-4D5F-8B15-987E35B72161}.Debug|Any CPU.ActiveCfg = Debug|Any CPU
		{35EA4911-6F22-4D5F-8B15-987E35B72161}.Debug|Any CPU.Build.0 = Debug|Any CPU
		{35EA4911-6F22-4D5F-8B15-987E35B72161}.Debug|x64.ActiveCfg = Debug|Any CPU
		{35EA4911-6F22-4D5F-8B15-987E35B72161}.Debug|x64.Build.0 = Debug|Any CPU
		{35EA4911-6F22-4D5F-8B15-987E35B72161}.Debug|x86.ActiveCfg = Debug|Any CPU
		{35EA4911-6F22-4D5F-8B15-987E35B72161}.Debug|x86.Build.0 = Debug|Any CPU
		{35EA4911-6F22-4D5F-8B15-987E35B72161}.Release|Any CPU.ActiveCfg = Release|Any CPU
		{35EA4911-6F22-4D5F-8B15-987E35B72161}.Release|Any CPU.Build.0 = Release|Any CPU
		{35EA4911-6F22-4D5F-8B15-987E35B72161}.Release|x64.ActiveCfg = Release|Any CPU
		{35EA4911-6F22-4D5F-8B15-987E35B72161}.Release|x64.Build.0 = Release|Any CPU
		{35EA4911-6F22-4D5F-8B15-987E35B72161}.Release|x86.ActiveCfg = Release|Any CPU
		{35EA4911-6F22-4D5F-8B15-987E35B72161}.Release|x86.Build.0 = Release|Any CPU
	EndGlobalSection
	GlobalSection(SolutionProperties) = preSolution
		HideSolutionNode = FALSE
	EndGlobalSection
	GlobalSection(NestedProjects) = preSolution
		{573DAF4C-7570-436C-93D9-0FFE07830374} = {827E0CD3-B72D-47B6-A68D-7590B98EB39B}
		{BE3E3893-B2D6-4999-9A8D-B1ADE15FCDFA} = {827E0CD3-B72D-47B6-A68D-7590B98EB39B}
		{35EA4911-6F22-4D5F-8B15-987E35B72161} = {827E0CD3-B72D-47B6-A68D-7590B98EB39B}
	EndGlobalSection
EndGlobal
